{
  "name": "@enjoys/store",
  "version": "1.0.0",
  "lockfileVersion": 3,
  "requires": true,
  "packages": {
    "": {
      "name": "@enjoys/store",
      "version": "1.0.0",
      "license": "MIT",
      "dependencies": {
        "ioredis": "^5.11.1",
        "rocksdb": "^5.2.1"
      },
      "devDependencies": {
        "@rslib/core": "^0.23.2",
        "@rstest/adapter-rslib": "^0.10.6",
        "@rstest/core": "^0.10.6",
        "@types/node": "^24.13.2",
        "@types/rocksdb": "^3.0.5",
        "typescript": "^6.0.3"
      }
    },
    "node_modules/@ast-grep/napi": {
      "version": "0.37.0",
      "resolved": "https://registry.npmjs.org/@ast-grep/napi/-/napi-0.37.0.tgz",
      "integrity": "sha512-Hb4o6h1Pf6yRUAX07DR4JVY7dmQw+RVQMW5/m55GoiAT/VRoKCWBtIUPPOnqDVhbx1Cjfil9b6EDrgJsUAujEQ==",
      "dev": true,
      "license": "MIT",
      "engines": {
        "node": ">= 10"
      },
      "optionalDependencies": {
        "@ast-grep/napi-darwin-arm64": "0.37.0",
        "@ast-grep/napi-darwin-x64": "0.37.0",
        "@ast-grep/napi-linux-arm64-gnu": "0.37.0",
        "@ast-grep/napi-linux-arm64-musl": "0.37.0",
        "@ast-grep/napi-linux-x64-gnu": "0.37.0",
        "@ast-grep/napi-linux-x64-musl": "0.37.0",
        "@ast-grep/napi-win32-arm64-msvc": "0.37.0",
        "@ast-grep/napi-win32-ia32-msvc": "0.37.0",
        "@ast-grep/napi-win32-x64-msvc": "0.37.0"
      }
    },
    "node_modules/@ast-grep/napi-darwin-arm64": {
      "version": "0.37.0",
      "resolved": "https://registry.npmjs.org/@ast-grep/napi-darwin-arm64/-/napi-darwin-arm64-0.37.0.tgz",
      "integrity": "sha512-QAiIiaAbLvMEg/yBbyKn+p1gX2/FuaC0SMf7D7capm/oG4xGMzdeaQIcSosF4TCxxV+hIH4Bz9e4/u7w6Bnk3Q==",
      "cpu": [
        "arm64"
      ],
      "dev": true,
      "license": "MIT",
      "optional": true,
      "os": [
        "darwin"
      ],
      "engines": {
        "node": ">= 10"
      }
    },
    "node_modules/@ast-grep/napi-darwin-x64": {
      "version": "0.37.0",
      "resolved": "https://registry.npmjs.org/@ast-grep/napi-darwin-x64/-/napi-darwin-x64-0.37.0.tgz",
      "integrity": "sha512-zvcvdgekd4ySV3zUbUp8HF5nk5zqwiMXTuVzTUdl/w08O7JjM6XPOIVT+d2o/MqwM9rsXdzdergY5oY2RdhSPA==",
      "cpu": [
        "x64"
      ],
      "dev": true,
      "license": "MIT",
      "optional": true,
      "os": [
        "darwin"
      ],
      "engines": {
        "node": ">= 10"
      }
    },
    "node_modules/@ast-grep/napi-linux-arm64-gnu": {
      "version": "0.37.0",
      "resolved": "https://registry.npmjs.org/@ast-grep/napi-linux-arm64-gnu/-/napi-linux-arm64-gnu-0.37.0.tgz",
      "integrity": "sha512-L7Sj0lXy8X+BqSMgr1LB8cCoWk0rericdeu+dC8/c8zpsav5Oo2IQKY1PmiZ7H8IHoFBbURLf8iklY9wsD+cyA==",
      "cpu": [
        "arm64"
      ],
      "dev": true,
      "license": "MIT",
      "optional": true,
      "os": [
        "linux"
      ],
      "engines": {
        "node": ">= 10"
      }
    },
    "node_modules/@ast-grep/napi-linux-arm64-musl": {
      "version": "0.37.0",
      "resolved": "https://registry.npmjs.org/@ast-grep/napi-linux-arm64-musl/-/napi-linux-arm64-musl-0.37.0.tgz",
      "integrity": "sha512-LF9sAvYy6es/OdyJDO3RwkX3I82Vkfsng1sqUBcoWC1jVb1wX5YVzHtpQox9JrEhGl+bNp7FYxB4Qba9OdA5GA==",
      "cpu": [
        "arm64"
      ],
      "dev": true,
      "license": "MIT",
      "optional": true,
      "os": [
        "linux"
      ],
      "engines": {
        "node": ">= 10"
      }
    },
    "node_modules/@ast-grep/napi-linux-x64-gnu": {
      "version": "0.37.0",
      "resolved": "https://registry.npmjs.org/@ast-grep/napi-linux-x64-gnu/-/napi-linux-x64-gnu-0.37.0.tgz",
      "integrity": "sha512-TViz5/klqre6aSmJzswEIjApnGjJzstG/SE8VDWsrftMBMYt2PTu3MeluZVwzSqDao8doT/P+6U11dU05UOgxw==",
      "cpu": [
        "x64"
      ],
      "dev": true,
      "license": "MIT",
      "optional": true,
      "os": [
        "linux"
      ],
      "engines": {
        "node": ">= 10"
      }
    },
    "node_modules/@ast-grep/napi-linux-x64-musl": {
      "version": "0.37.0",
      "resolved": "https://registry.npmjs.org/@ast-grep/napi-linux-x64-musl/-/napi-linux-x64-musl-0.37.0.tgz",
      "integrity": "sha512-/BcCH33S9E3ovOAEoxYngUNXgb+JLg991sdyiNP2bSoYd30a9RHrG7CYwW6fMgua3ijQ474eV6cq9yZO1bCpXg==",
      "cpu": [
        "x64"
      ],
      "dev": true,
      "license": "MIT",
      "optional": true,
      "os": [
        "linux"
      ],
      "engines": {
        "node": ">= 10"
      }
    },
    "node_modules/@ast-grep/napi-win32-arm64-msvc": {
      "version": "0.37.0",
      "resolved": "https://registry.npmjs.org/@ast-grep/napi-win32-arm64-msvc/-/napi-win32-arm64-msvc-0.37.0.tgz",
      "integrity": "sha512-TjQA4cFoIEW2bgjLkaL9yqT4XWuuLa5MCNd0VCDhGRDMNQ9+rhwi9eLOWRaap3xzT7g+nlbcEHL3AkVCD2+b3A==",
      "cpu": [
        "arm64"
      ],
      "dev": true,
      "license": "MIT",
      "optional": true,
      "os": [
        "win32"
      ],
      "engines": {
        "node": ">= 10"
      }
    },
    "node_modules/@ast-grep/napi-win32-ia32-msvc": {
      "version": "0.37.0",
      "resolved": "https://registry.npmjs.org/@ast-grep/napi-win32-ia32-msvc/-/napi-win32-ia32-msvc-0.37.0.tgz",
      "integrity": "sha512-uNmVka8fJCdYsyOlF9aZqQMLTatEYBynjChVTzUfFMDfmZ0bihs/YTqJVbkSm8TZM7CUX82apvn50z/dX5iWRA==",
      "cpu": [
        "ia32"
      ],
      "dev": true,
      "license": "MIT",
      "optional": true,
      "os": [
        "win32"
      ],
      "engines": {
        "node": ">= 10"
      }
    },
    "node_modules/@ast-grep/napi-win32-x64-msvc": {
      "version": "0.37.0",
      "resolved": "https://registry.npmjs.org/@ast-grep/napi-win32-x64-msvc/-/napi-win32-x64-msvc-0.37.0.tgz",
      "integrity": "sha512-vCiFOT3hSCQuHHfZ933GAwnPzmL0G04JxQEsBRfqONywyT8bSdDc/ECpAfr3S9VcS4JZ9/F6tkePKW/Om2Dq2g==",
      "cpu": [
        "x64"
      ],
      "dev": true,
      "license": "MIT",
      "optional": true,
      "os": [
        "win32"
      ],
      "engines": {
        "node": ">= 10"
      }
    },
    "node_modules/@emnapi/core": {
      "version": "1.11.2",
      "resolved": "https://registry.npmjs.org/@emnapi/core/-/core-1.11.2.tgz",
      "integrity": "sha512-TC8MkTuZUtcTSiFeuC0ksCh9QIJ5+F21MvZ4Wn4ORfYaFJ/0dsiudv5tVkejgwZlwQ39jL9WWDe2lz8x0WglOA==",
      "dev": true,
      "license": "MIT",
      "optional": true,
      "dependencies": {
        "@emnapi/wasi-threads": "1.2.2",
        "tslib": "^2.4.0"
      }
    },
    "node_modules/@emnapi/runtime": {
      "version": "1.11.2",
      "resolved": "https://registry.npmjs.org/@emnapi/runtime/-/runtime-1.11.2.tgz",
      "integrity": "sha512-kyOl3X0DuTiT1h2ft8r2fYO8JYtU9a9Xis/zBSiGArNaagCOWx90N1k2wxp18czFDH+OgcWGb5ZP/XMt3dcyPA==",
      "dev": true,
      "license": "MIT",
      "optional": true,
      "dependencies": {
        "tslib": "^2.4.0"
      }
    },
    "node_modules/@emnapi/wasi-threads": {
      "version": "1.2.2",
      "resolved": "https://registry.npmjs.org/@emnapi/wasi-threads/-/wasi-threads-1.2.2.tgz",
      "integrity": "sha512-c95qOXkHdydNKhscBTebqEC1CVAZpyqOfVfBzQ1qgzyl3gfeldUjIggDbIZgDKsHLgnsM+igH7TJ/eAasaVuMA==",
      "dev": true,
      "license": "MIT",
      "optional": true,
      "dependencies": {
        "tslib": "^2.4.0"
      }
    },
    "node_modules/@ioredis/commands": {
      "version": "1.10.0",
      "resolved": "https://registry.npmjs.org/@ioredis/commands/-/commands-1.10.0.tgz",
      "integrity": "sha512-UmeW7z4LfctwoQ5wkhVzgq8tXkreED2xZGpX+Bg+zA+WJFZCT6c062AfCK/Dfk81xZnnwdhJCUMkitihRaoC2Q==",
      "license": "MIT"
    },
    "node_modules/@napi-rs/wasm-runtime": {
      "version": "1.1.6",
      "resolved": "https://registry.npmjs.org/@napi-rs/wasm-runtime/-/wasm-runtime-1.1.6.tgz",
      "integrity": "sha512-ZLv/JdUfkvOy9eCnnBaGfiO+XimbjebAeO+MRQqD/B+FR1tnRN0tpKSJHRbE8sFfS6aqsXZ67TQjfwfsxULVbg==",
      "dev": true,
      "license": "MIT",
      "optional": true,
      "dependencies": {
        "@tybys/wasm-util": "^0.10.3"
      },
      "funding": {
        "type": "github",
        "url": "https://github.com/sponsors/Brooooooklyn"
      },
      "peerDependencies": {
        "@emnapi/core": "^1.7.1",
        "@emnapi/runtime": "^1.7.1"
      }
    },
    "node_modules/@rsbuild/core": {
      "version": "2.1.7",
      "resolved": "https://registry.npmjs.org/@rsbuild/core/-/core-2.1.7.tgz",
      "integrity": "sha512-Xhs8DkLw2Vk5ydwjNG3GMJe1h03lqlCO4dV9EOG9HSR6vDfh07K48aq3KJ8/ncEL/YuFBaCIJrVc7rMFoR1y7Q==",
      "dev": true,
      "license": "MIT",
      "dependencies": {
        "@rspack/core": "~2.1.5",
        "@swc/helpers": "^0.5.23"
      },
      "bin": {
        "rsbuild": "bin/rsbuild.js"
      },
      "engines": {
        "node": "^20.19.0 || >=22.12.0"
      },
      "peerDependencies": {
        "core-js": ">= 3.0.0"
      },
      "peerDependenciesMeta": {
        "core-js": {
          "optional": true
        }
      }
    },
    "node_modules/@rslib/core": {
      "version": "0.23.2",
      "resolved": "https://registry.npmjs.org/@rslib/core/-/core-0.23.2.tgz",
      "integrity": "sha512-KxSp+/y0BJ1O4oKwxX4ydBY7/ZVeJCUpWAmQniCIct8mTxIQFPGO/ibKbKq2IxZYqRuRpM8g+Dtyq0VbEQf9HQ==",
      "dev": true,
      "license": "MIT",
      "dependencies": {
        "@rsbuild/core": "~2.1.4",
        "rsbuild-plugin-dts": "0.23.2"
      },
      "bin": {
        "rslib": "bin/rslib.js"
      },
      "engines": {
        "node": "^20.19.0 || >=22.12.0"
      },
      "peerDependencies": {
        "@microsoft/api-extractor": "^7",
        "typescript": "^5 || ^6 || ^7.0.1-0"
      },
      "peerDependenciesMeta": {
        "@microsoft/api-extractor": {
          "optional": true
        },
        "typescript": {
          "optional": true
        }
      }
    },
    "node_modules/@rspack/binding": {
      "version": "2.1.5",
      "resolved": "https://registry.npmjs.org/@rspack/binding/-/binding-2.1.5.tgz",
      "integrity": "sha512-lF3ZLeeyV0AN3BL0m2jAmNZD5pP9IHsQ8gUXN7mo0g4xsW6nf6hsN7o9CnEHECz5uUZb+EoWsuWzAAmnA9Ip8Q==",
      "dev": true,
      "license": "MIT",
      "optionalDependencies": {
        "@rspack/binding-darwin-arm64": "2.1.5",
        "@rspack/binding-darwin-x64": "2.1.5",
        "@rspack/binding-linux-arm64-gnu": "2.1.5",
        "@rspack/binding-linux-arm64-musl": "2.1.5",
        "@rspack/binding-linux-riscv64-gnu": "2.1.5",
        "@rspack/binding-linux-riscv64-musl": "2.1.5",
        "@rspack/binding-linux-x64-gnu": "2.1.5",
        "@rspack/binding-linux-x64-musl": "2.1.5",
        "@rspack/binding-wasm32-wasi": "2.1.5",
        "@rspack/binding-win32-arm64-msvc": "2.1.5",
        "@rspack/binding-win32-ia32-msvc": "2.1.5",
        "@rspack/binding-win32-x64-msvc": "2.1.5"
      }
    },
    "node_modules/@rspack/binding-darwin-arm64": {
      "version": "2.1.5",
      "resolved": "https://registry.npmjs.org/@rspack/binding-darwin-arm64/-/binding-darwin-arm64-2.1.5.tgz",
      "integrity": "sha512-XLAN6YSU36qkciJtV9DY9z57pdHOjKy/f1HyoqpZenRg8p46jnXPziV45lfrTZpG+FF6g/jtTUc4dKbeyoWqPw==",
      "cpu": [
        "arm64"
      ],
      "dev": true,
      "license": "MIT",
      "optional": true,
      "os": [
        "darwin"
      ]
    },
    "node_modules/@rspack/binding-darwin-x64": {
      "version": "2.1.5",
      "resolved": "https://registry.npmjs.org/@rspack/binding-darwin-x64/-/binding-darwin-x64-2.1.5.tgz",
      "integrity": "sha512-KLW7PV86jyCOyqJSqrkZdvYUWYCFX/Q4LsGmVc8tyDA8jBYLMHJDewC/lNf9ot3rU2SoLDZKhDUh7q7dX0FRmg==",
      "cpu": [
        "x64"
      ],
      "dev": true,
      "license": "MIT",
      "optional": true,
      "os": [
        "darwin"
      ]
    },
    "node_modules/@rspack/binding-linux-arm64-gnu": {
      "version": "2.1.5",
      "resolved": "https://registry.npmjs.org/@rspack/binding-linux-arm64-gnu/-/binding-linux-arm64-gnu-2.1.5.tgz",
      "integrity": "sha512-KOooAC8L+Ljx5sY7ZuMeaXCQ310FNWaPWXcYQJpFPApF3qyLeSfuOftUGwxcxeo5U0mS5OY3zxp7/5CaHWKYjg==",
      "cpu": [
        "arm64"
      ],
      "dev": true,
      "license": "MIT",
      "optional": true,
      "os": [
        "linux"
      ]
    },
    "node_modules/@rspack/binding-linux-arm64-musl": {
      "version": "2.1.5",
      "resolved": "https://registry.npmjs.org/@rspack/binding-linux-arm64-musl/-/binding-linux-arm64-musl-2.1.5.tgz",
      "integrity": "sha512-0GFc07gT71+uRbHtejDecBfSL0fs7dQAwCtXYieXboACauL7UvS3Hwr6v8A91aGtAcvLotnCaIa3CWWYwtYlYQ==",
      "cpu": [
        "arm64"
      ],
      "dev": true,
      "license": "MIT",
      "optional": true,
      "os": [
        "linux"
      ]
    },
    "node_modules/@rspack/binding-linux-riscv64-gnu": {
      "version": "2.1.5",
      "resolved": "https://registry.npmjs.org/@rspack/binding-linux-riscv64-gnu/-/binding-linux-riscv64-gnu-2.1.5.tgz",
      "integrity": "sha512-isQQDp3fBzPSZpLVFzPqVXIVA4I9b9mKs58TfUgOzDP/1g1582YSV3iFopgFogvEliihXDuuXvM6aAkP+w8Z+Q==",
      "cpu": [
        "riscv64"
      ],
      "dev": true,
      "license": "MIT",
      "optional": true,
      "os": [
        "linux"
      ]
    },
    "node_modules/@rspack/binding-linux-riscv64-musl": {
      "version": "2.1.5",
      "resolved": "https://registry.npmjs.org/@rspack/binding-linux-riscv64-musl/-/binding-linux-riscv64-musl-2.1.5.tgz",
      "integrity": "sha512-/SP6VknY4kH60BYplI2FDNAJCo4U4DUszLxhKsgVlgA5ImgHC8Ew2AsKgidk7ceiYV9OcKzYuWYe9tVpysBYVA==",
      "cpu": [
        "riscv64"
      ],
      "dev": true,
      "license": "MIT",
      "optional": true,
      "os": [
        "linux"
      ]
    },
    "node_modules/@rspack/binding-linux-x64-gnu": {
      "version": "2.1.5",
      "resolved": "https://registry.npmjs.org/@rspack/binding-linux-x64-gnu/-/binding-linux-x64-gnu-2.1.5.tgz",
      "integrity": "sha512-/GJmS+buA4pilT10gs5mfAhAZxSHXpDD8veZ3QpYvNUuoU9gvempAq9TgjbyNN/vc5pf76GdXPXKFMiehudYSA==",
      "cpu": [
        "x64"
      ],
      "dev": true,
      "license": "MIT",
      "optional": true,
      "os": [
        "linux"
      ]
    },
    "node_modules/@rspack/binding-linux-x64-musl": {
      "version": "2.1.5",
      "resolved": "https://registry.npmjs.org/@rspack/binding-linux-x64-musl/-/binding-linux-x64-musl-2.1.5.tgz",
      "integrity": "sha512-iwS3t75nZ2TnUjB05KtvpvjpdkOy/nLxbaOnwjbdnNZZXpUaMadLbllGAWayHPGCMsL2yKBEhVEESZpR7tK3SA==",
      "cpu": [
        "x64"
      ],
      "dev": true,
      "license": "MIT",
      "optional": true,
      "os": [
        "linux"
      ]
    },
    "node_modules/@rspack/binding-wasm32-wasi": {
      "version": "2.1.5",
      "resolved": "https://registry.npmjs.org/@rspack/binding-wasm32-wasi/-/binding-wasm32-wasi-2.1.5.tgz",
      "integrity": "sha512-jOhW69t1H/jcRaSMB5U8jVzWP18j0YQIlo0nT8W+KvNVScJeyOze4FFc+5RIS7VmuT8/jid7hUyydZOfm6UgqA==",
      "cpu": [
        "wasm32"
      ],
      "dev": true,
      "license": "MIT",
      "optional": true,
      "dependencies": {
        "@emnapi/core": "1.11.2",
        "@emnapi/runtime": "1.11.2",
        "@napi-rs/wasm-runtime": "1.1.6"
      }
    },
    "node_modules/@rspack/binding-win32-arm64-msvc": {
      "version": "2.1.5",
      "resolved": "https://registry.npmjs.org/@rspack/binding-win32-arm64-msvc/-/binding-win32-arm64-msvc-2.1.5.tgz",
      "integrity": "sha512-OLfMXmtFBcrWr9BRGKXJYrWgYR0JSaoAWr3EVFDjKGi/YR5aUwQSGc3AJPBph9g0YsdSqRuUhtQGtCk84DeeEA==",
      "cpu": [
        "arm64"
      ],
      "dev": true,
      "license": "MIT",
      "optional": true,
      "os": [
        "win32"
      ]
    },
    "node_modules/@rspack/binding-win32-ia32-msvc": {
      "version": "2.1.5",
      "resolved": "https://registry.npmjs.org/@rspack/binding-win32-ia32-msvc/-/binding-win32-ia32-msvc-2.1.5.tgz",
      "integrity": "sha512-p4OSmnj21+AY8vpIADveLEBXfXJRXonOTYim2VLVWV4TbXfhYNMLiX3qESHCdNnn6lVJM0q6zxxzEUfTyAKydw==",
      "cpu": [
        "ia32"
      ],
      "dev": true,
      "license": "MIT",
      "optional": true,
      "os": [
        "win32"
      ]
    },
    "node_modules/@rspack/binding-win32-x64-msvc": {
      "version": "2.1.5",
      "resolved": "https://registry.npmjs.org/@rspack/binding-win32-x64-msvc/-/binding-win32-x64-msvc-2.1.5.tgz",
      "integrity": "sha512-YCkLLDGMkHsw5CpcsFtFhzCu+JZEsNrcH9O1GpWMkyxR2ku2Fq1i2wEHYSm26HyW+PJ3+Fv347MPWMFZIz9q2g==",
      "cpu": [
        "x64"
      ],
      "dev": true,
      "license": "MIT",
      "optional": true,
      "os": [
        "win32"
      ]
    },
    "node_modules/@rspack/core": {
      "version": "2.1.5",
      "resolved": "https://registry.npmjs.org/@rspack/core/-/core-2.1.5.tgz",
      "integrity": "sha512-YHjL7xVXycAWsjJtF39cRZ2u+ddiNFxY+FcNgEBe6Y8OaLeUfMfjba3gK+B1Oj32UcKD6BmXGsPfu9p+OII/Yw==",
      "dev": true,
      "license": "MIT",
      "dependencies": {
        "@rspack/binding": "2.1.5"
      },
      "engines": {
        "node": "^20.19.0 || >=22.12.0"
      },
      "peerDependencies": {
        "@module-federation/runtime-tools": "^0.24.1 || ^2.0.0",
        "@swc/helpers": "^0.5.23"
      },
      "peerDependenciesMeta": {
        "@module-federation/runtime-tools": {
          "optional": true
        },
        "@swc/helpers": {
          "optional": true
        }
      }
    },
    "node_modules/@rstest/adapter-rslib": {
      "version": "0.10.6",
      "resolved": "https://registry.npmjs.org/@rstest/adapter-rslib/-/adapter-rslib-0.10.6.tgz",
      "integrity": "sha512-QMlAjT68eEESdVPJr46Wf1khLKuftXxDQKtqcPtWe8t7QdDUpu6YPS3QCEXX1kYFpcPlWdCFJo8irxBzNDqCYQ==",
      "dev": true,
      "license": "MIT",
      "peerDependencies": {
        "@rslib/core": ">=0.18.6",
        "@rstest/core": "^0.10.6",
        "typescript": "^5 || ^6"
      },
      "peerDependenciesMeta": {
        "typescript": {
          "optional": true
        }
      }
    },
    "node_modules/@rstest/core": {
      "version": "0.10.6",
      "resolved": "https://registry.npmjs.org/@rstest/core/-/core-0.10.6.tgz",
      "integrity": "sha512-nX61dw2Tnxfwy/jGZEuNbh2tzapgaH6Iwj4Aw5d2wxUwxptUL3ddUxFF5M1ZSWoLEVG30VaPg3ITzrSo5sdbTg==",
      "dev": true,
      "license": "MIT",
      "dependencies": {
        "@rsbuild/core": "~2.0.15",
        "@types/chai": "^5.2.3"
      },
      "bin": {
        "rstest": "bin/rstest.js"
      },
      "engines": {
        "node": "^20.19.0 || >=22.12.0"
      },
      "peerDependencies": {
        "happy-dom": "^20.8.3",
        "jsdom": "*"
      },
      "peerDependenciesMeta": {
        "happy-dom": {
          "optional": true
        },
        "jsdom": {
          "optional": true
        }
      }
    },
    "node_modules/@rstest/core/node_modules/@emnapi/core": {
      "version": "1.10.0",
      "resolved": "https://registry.npmjs.org/@emnapi/core/-/core-1.10.0.tgz",
      "integrity": "sha512-yq6OkJ4p82CAfPl0u9mQebQHKPJkY7WrIuk205cTYnYe+k2Z8YBh11FrbRG/H6ihirqcacOgl2BIO8oyMQLeXw==",
      "dev": true,
      "license": "MIT",
      "optional": true,
      "dependencies": {
        "@emnapi/wasi-threads": "1.2.1",
        "tslib": "^2.4.0"
      }
    },
    "node_modules/@rstest/core/node_modules/@emnapi/runtime": {
      "version": "1.10.0",
      "resolved": "https://registry.npmjs.org/@emnapi/runtime/-/runtime-1.10.0.tgz",
      "integrity": "sha512-ewvYlk86xUoGI0zQRNq/mC+16R1QeDlKQy21Ki3oSYXNgLb45GV1P6A0M+/s6nyCuNDqe5VpaY84BzXGwVbwFA==",
      "dev": true,
      "license": "MIT",
      "optional": true,
      "dependencies": {
        "tslib": "^2.4.0"
      }
    },
    "node_modules/@rstest/core/node_modules/@emnapi/wasi-threads": {
      "version": "1.2.1",
      "resolved": "https://registry.npmjs.org/@emnapi/wasi-threads/-/wasi-threads-1.2.1.tgz",
      "integrity": "sha512-uTII7OYF+/Mes/MrcIOYp5yOtSMLBWSIoLPpcgwipoiKbli6k322tcoFsxoIIxPDqW01SQGAgko4EzZi2BNv2w==",
      "dev": true,
      "license": "MIT",
      "optional": true,
      "dependencies": {
        "tslib": "^2.4.0"
      }
    },
    "node_modules/@rstest/core/node_modules/@napi-rs/wasm-runtime": {
      "version": "1.1.4",
      "resolved": "https://registry.npmjs.org/@napi-rs/wasm-runtime/-/wasm-runtime-1.1.4.tgz",
      "integrity": "sha512-3NQNNgA1YSlJb/kMH1ildASP9HW7/7kYnRI2szWJaofaS1hWmbGI4H+d3+22aGzXXN9IJ+n+GiFVcGipJP18ow==",
      "dev": true,
      "license": "MIT",
      "optional": true,
      "dependencies": {
        "@tybys/wasm-util": "^0.10.1"
      },
      "funding": {
        "type": "github",
        "url": "https://github.com/sponsors/Brooooooklyn"
      },
      "peerDependencies": {
        "@emnapi/core": "^1.7.1",
        "@emnapi/runtime": "^1.7.1"
      }
    },
    "node_modules/@rstest/core/node_modules/@rsbuild/core": {
      "version": "2.0.15",
      "resolved": "https://registry.npmjs.org/@rsbuild/core/-/core-2.0.15.tgz",
      "integrity": "sha512-O8vmMhZu1YImO6jOqt/K/vlJSvkq7UtSq5YM1DIlcEd9LW8Gf6/dkQ1B2KPI6F+hSMFBnTTTumdcIowSLCw97g==",
      "dev": true,
      "license": "MIT",
      "dependencies": {
        "@rspack/core": "~2.0.8",
        "@swc/helpers": "^0.5.23"
      },
      "bin": {
        "rsbuild": "bin/rsbuild.js"
      },
      "engines": {
        "node": "^20.19.0 || >=22.12.0"
      },
      "peerDependencies": {
        "core-js": ">= 3.0.0"
      },
      "peerDependenciesMeta": {
        "core-js": {
          "optional": true
        }
      }
    },
    "node_modules/@rstest/core/node_modules/@rspack/binding": {
      "version": "2.0.8",
      "resolved": "https://registry.npmjs.org/@rspack/binding/-/binding-2.0.8.tgz",
      "integrity": "sha512-3uZ+y8aQxq33ty2srMxg2Nu0XuBI6vVrG50rkDaXqwWqOohfgGUSfFuQK7EnSUNy4aFUQlCG6NHialQHJov0wg==",
      "dev": true,
      "license": "MIT",
      "optionalDependencies": {
        "@rspack/binding-darwin-arm64": "2.0.8",
        "@rspack/binding-darwin-x64": "2.0.8",
        "@rspack/binding-linux-arm64-gnu": "2.0.8",
        "@rspack/binding-linux-arm64-musl": "2.0.8",
        "@rspack/binding-linux-x64-gnu": "2.0.8",
        "@rspack/binding-linux-x64-musl": "2.0.8",
        "@rspack/binding-wasm32-wasi": "2.0.8",
        "@rspack/binding-win32-arm64-msvc": "2.0.8",
        "@rspack/binding-win32-ia32-msvc": "2.0.8",
        "@rspack/binding-win32-x64-msvc": "2.0.8"
      }
    },
    "node_modules/@rstest/core/node_modules/@rspack/binding-darwin-arm64": {
      "version": "2.0.8",
      "resolved": "https://registry.npmjs.org/@rspack/binding-darwin-arm64/-/binding-darwin-arm64-2.0.8.tgz",
      "integrity": "sha512-vCgbgH7B7qom+uID+RCZsTCOYFb9wC4/4+1U6rMfytrXGVJ72eNQs2tbdjOl0lb18CT3N/n+VkWynUiLk84GwA==",
      "cpu": [
        "arm64"
      ],
      "dev": true,
      "license": "MIT",
      "optional": true,
      "os": [
        "darwin"
      ]
    },
    "node_modules/@rstest/core/node_modules/@rspack/binding-darwin-x64": {
      "version": "2.0.8",
      "resolved": "https://registry.npmjs.org/@rspack/binding-darwin-x64/-/binding-darwin-x64-2.0.8.tgz",
      "integrity": "sha512-satPm2PD4B7jDTVlVAdvMVdUszwLvWUEnUDzLb77mvVkezKNDZmuhb+e8s+FfKs8hJpNbZ9VAejuA2rr8o985w==",
      "cpu": [
        "x64"
      ],
      "dev": true,
      "license": "MIT",
      "optional": true,
      "os": [
        "darwin"
      ]
    },
    "node_modules/@rstest/core/node_modules/@rspack/binding-linux-arm64-gnu": {
      "version": "2.0.8",
      "resolved": "https://registry.npmjs.org/@rspack/binding-linux-arm64-gnu/-/binding-linux-arm64-gnu-2.0.8.tgz",
      "integrity": "sha512-pSI+npPQE/uDtiboqvcOIRJbEV2+B+H1xffmko/gw50la92oTUW60kVULFwsb6L0+GVCzIcwX3yq60GtYIn+Ug==",
      "cpu": [
        "arm64"
      ],
      "dev": true,
      "license": "MIT",
      "optional": true,
      "os": [
        "linux"
      ]
    },
    "node_modules/@rstest/core/node_modules/@rspack/binding-linux-arm64-musl": {
      "version": "2.0.8",
      "resolved": "https://registry.npmjs.org/@rspack/binding-linux-arm64-musl/-/binding-linux-arm64-musl-2.0.8.tgz",
      "integrity": "sha512-igjJ43yxWQ72GZqjDDZSSHax9/Vg+6rLMmOvFglTJUkQpB4Tyvu/YjW+WRjYj2xRw6blOjLxUSJWASvuSqqlvg==",
      "cpu": [
        "arm64"
      ],
      "dev": true,
      "license": "MIT",
      "optional": true,
      "os": [
        "linux"
      ]
    },
    "node_modules/@rstest/core/node_modules/@rspack/binding-linux-x64-gnu": {
      "version": "2.0.8",
      "resolved": "https://registry.npmjs.org/@rspack/binding-linux-x64-gnu/-/binding-linux-x64-gnu-2.0.8.tgz",
      "integrity": "sha512-zrkoEOnqj1hOEBO5T2I/2Ts2HSJsYFh1qXwMpK4dMJFGGNWDfNeUa6/LF5uq3VINF3JUl7RL47AgrucoSZJXPA==",
      "cpu": [
        "x64"
      ],
      "dev": true,
      "license": "MIT",
      "optional": true,
      "os": [
        "linux"
      ]
    },
    "node_modules/@rstest/core/node_modules/@rspack/binding-linux-x64-musl": {
      "version": "2.0.8",
      "resolved": "https://registry.npmjs.org/@rspack/binding-linux-x64-musl/-/binding-linux-x64-musl-2.0.8.tgz",
      "integrity": "sha512-6CtDaGZjNDvJd9TBp7a9zABbrPORO21W96+3ZcGBn0YNUPUk4ARxIxrTTpeJ/1F41QDM8AYIkGDdqEYMqTYBsA==",
      "cpu": [
        "x64"
      ],
      "dev": true,
      "license": "MIT",
      "optional": true,
      "os": [
        "linux"
      ]
    },
    "node_modules/@rstest/core/node_modules/@rspack/binding-wasm32-wasi": {
      "version": "2.0.8",
      "resolved": "https://registry.npmjs.org/@rspack/binding-wasm32-wasi/-/binding-wasm32-wasi-2.0.8.tgz",
      "integrity": "sha512-Yf4SiqTUroT5Ju+te0YAY2xxKOb35tECsO21v7hYyGa705wrgoAK/MmF7enOvs9GR1iZIqgiLD/wxsIxl8GjJw==",
      "cpu": [
        "wasm32"
      ],
      "dev": true,
      "license": "MIT",
      "optional": true,
      "dependencies": {
        "@emnapi/core": "1.10.0",
        "@emnapi/runtime": "1.10.0",
        "@napi-rs/wasm-runtime": "1.1.4"
      }
    },
    "node_modules/@rstest/core/node_modules/@rspack/binding-win32-arm64-msvc": {
      "version": "2.0.8",
      "resolved": "https://registry.npmjs.org/@rspack/binding-win32-arm64-msvc/-/binding-win32-arm64-msvc-2.0.8.tgz",
      "integrity": "sha512-8NCuiQsAhXrwRBy57QZoypqrws/zLBkaQVGiB8hksr6v++8hNigNjqpQARLbd0iyMuHsQQ++8+auGk6xlDXmzw==",
      "cpu": [
        "arm64"
      ],
      "dev": true,
      "license": "MIT",
      "optional": true,
      "os": [
        "win32"
      ]
    },
    "node_modules/@rstest/core/node_modules/@rspack/binding-win32-ia32-msvc": {
      "version": "2.0.8",
      "resolved": "https://registry.npmjs.org/@rspack/binding-win32-ia32-msvc/-/binding-win32-ia32-msvc-2.0.8.tgz",
      "integrity": "sha512-bxiekytbX7V9KFAra+HkwtNWC6pYfHEBBZFpiT0xUs3mCFOmAAFVBsBSQsoCP9AdCEXoMAvNdnrHNw3iov4OZw==",
      "cpu": [
        "ia32"
      ],
      "dev": true,
      "license": "MIT",
      "optional": true,
      "os": [
        "win32"
      ]
    },
    "node_modules/@rstest/core/node_modules/@rspack/binding-win32-x64-msvc": {
      "version": "2.0.8",
      "resolved": "https://registry.npmjs.org/@rspack/binding-win32-x64-msvc/-/binding-win32-x64-msvc-2.0.8.tgz",
      "integrity": "sha512-7zPs8YCe/ZVJTwd+5lpB0CP0tkn2pONf/T1ycmVY76u21Nrwt8mXQGc/2yH2eWP4B7fikYBr3hGr7mpR2fajqQ==",
      "cpu": [
        "x64"
      ],
      "dev": true,
      "license": "MIT",
      "optional": true,
      "os": [
        "win32"
      ]
    },
    "node_modules/@rstest/core/node_modules/@rspack/core": {
      "version": "2.0.8",
      "resolved": "https://registry.npmjs.org/@rspack/core/-/core-2.0.8.tgz",
      "integrity": "sha512-+NLGJf8gZxihDmMFzjlly3toc2SMjeDmuvz0/Cai9AMdV4F+Pqcnt2BA9V4e3SY2jmhJQtPwgyyLtR1RiJO77g==",
      "dev": true,
      "license": "MIT",
      "dependencies": {
        "@rspack/binding": "2.0.8"
      },
      "engines": {
        "node": "^20.19.0 || >=22.12.0"
      },
      "peerDependencies": {
        "@module-federation/runtime-tools": "^0.24.1 || ^2.0.0",
        "@swc/helpers": "^0.5.23"
      },
      "peerDependenciesMeta": {
        "@module-federation/runtime-tools": {
          "optional": true
        },
        "@swc/helpers": {
          "optional": true
        }
      }
    },
    "node_modules/@swc/helpers": {
      "version": "0.5.23",
      "resolved": "https://registry.npmjs.org/@swc/helpers/-/helpers-0.5.23.tgz",
      "integrity": "sha512-5lSsMOTXURePglDfvuAQUqkGek9Hg2kksOYay2m0+XR++b2NWYL/4sWyuvVBIs8oKnJaxkdi9whaL/sqN13afw==",
      "dev": true,
      "license": "Apache-2.0",
      "dependencies": {
        "tslib": "^2.8.0"
      }
    },
    "node_modules/@tybys/wasm-util": {
      "version": "0.10.3",
      "resolved": "https://registry.npmjs.org/@tybys/wasm-util/-/wasm-util-0.10.3.tgz",
      "integrity": "sha512-F3fo1MYrRJYL3zER0OUOmkutjr1Vp23m7OsSgp7nq4SP6OqX6C/56XFIPAl5bt3zaBRjmW7SGz3u/6LwFpYcOg==",
      "dev": true,
      "license": "MIT",
      "optional": true,
      "dependencies": {
        "tslib": "^2.4.0"
      }
    },
    "node_modules/@types/abstract-leveldown": {
      "version": "7.2.5",
      "resolved": "https://registry.npmjs.org/@types/abstract-leveldown/-/abstract-leveldown-7.2.5.tgz",
      "integrity": "sha512-/2B0nQF4UdupuxeKTJA2+Rj1D+uDemo6P4kMwKCpbfpnzeVaWSELTsAw4Lxn3VJD6APtRrZOCuYo+4nHUQfTfg==",
      "dev": true,
      "license": "MIT"
    },
    "node_modules/@types/chai": {
      "version": "5.2.3",
      "resolved": "https://registry.npmjs.org/@types/chai/-/chai-5.2.3.tgz",
      "integrity": "sha512-Mw558oeA9fFbv65/y4mHtXDs9bPnFMZAL/jxdPFUpOHHIXX91mcgEHbS5Lahr+pwZFR8A7GQleRWeI6cGFC2UA==",
      "dev": true,
      "license": "MIT",
      "dependencies": {
        "@types/deep-eql": "*",
        "assertion-error": "^2.0.1"
      }
    },
    "node_modules/@types/deep-eql": {
      "version": "4.0.2",
      "resolved": "https://registry.npmjs.org/@types/deep-eql/-/deep-eql-4.0.2.tgz",
      "integrity": "sha512-c9h9dVVMigMPc4bwTvC5dxqtqJZwQPePsWjPlpSOnojbor6pGqdk541lfA7AqFQr5pB1BRdq0juY9db81BwyFw==",
      "dev": true,
      "license": "MIT"
    },
    "node_modules/@types/node": {
      "version": "24.13.3",
      "resolved": "https://registry.npmjs.org/@types/node/-/node-24.13.3.tgz",
      "integrity": "sha512-Dh8vAsV36ig5wa9OX4pXvMc9D3Veibfw2wix0CUwYODLD8nkj9UsLjASr49nPg+2eKzxhBV+v7L8pXvT4e639Q==",
      "dev": true,
      "license": "MIT",
      "dependencies": {
        "undici-types": "~7.18.0"
      }
    },
    "node_modules/@types/rocksdb": {
      "version": "3.0.5",
      "resolved": "https://registry.npmjs.org/@types/rocksdb/-/rocksdb-3.0.5.tgz",
      "integrity": "sha512-TsJNynQDP8oy900fsXlKiaIR/vaErlunmlioV+efKCWsVa9ZJA+sX3NMoWwZRNEmGAgKejscz/EOtZGZ2Z20SQ==",
      "dev": true,
      "license": "MIT",
      "dependencies": {
        "@types/abstract-leveldown": "*",
        "@types/node": "*"
      }
    },
    "node_modules/abstract-leveldown": {
      "version": "7.2.0",
      "resolved": "https://registry.npmjs.org/abstract-leveldown/-/abstract-leveldown-7.2.0.tgz",
      "integrity": "sha512-DnhQwcFEaYsvYDnACLZhMmCWd3rkOeEvglpa4q5i/5Jlm3UIsWaxVzuXvDLFCSCWRO3yy2/+V/G7FusFgejnfQ==",
      "deprecated": "Superseded by abstract-level (https://github.com/Level/community#faq)",
      "license": "MIT",
      "dependencies": {
        "buffer": "^6.0.3",
        "catering": "^2.0.0",
        "is-buffer": "^2.0.5",
        "level-concat-iterator": "^3.0.0",
        "level-supports": "^2.0.1",
        "queue-microtask": "^1.2.3"
      },
      "engines": {
        "node": ">=10"
      }
    },
    "node_modules/assertion-error": {
      "version": "2.0.1",
      "resolved": "https://registry.npmjs.org/assertion-error/-/assertion-error-2.0.1.tgz",
      "integrity": "sha512-Izi8RQcffqCeNVgFigKli1ssklIbpHnCYc6AknXGYoB6grJqyeby7jv12JUQgmTAnIDnbck1uxksT4dzN3PWBA==",
      "dev": true,
      "license": "MIT",
      "engines": {
        "node": ">=12"
      }
    },
    "node_modules/base64-js": {
      "version": "1.5.1",
      "resolved": "https://registry.npmjs.org/base64-js/-/base64-js-1.5.1.tgz",
      "integrity": "sha512-AKpaYlHn8t4SVbOHCy+b5+KKgvR4vrsD8vbvrbiQJps7fKDTkjkDry6ji0rUJjC0kzbNePLwzxq8iypo41qeWA==",
      "funding": [
        {
          "type": "github",
          "url": "https://github.com/sponsors/feross"
        },
        {
          "type": "patreon",
          "url": "https://www.patreon.com/feross"
        },
        {
          "type": "consulting",
          "url": "https://feross.org/support"
        }
      ],
      "license": "MIT"
    },
    "node_modules/buffer": {
      "version": "6.0.3",
      "resolved": "https://registry.npmjs.org/buffer/-/buffer-6.0.3.tgz",
      "integrity": "sha512-FTiCpNxtwiZZHEZbcbTIcZjERVICn9yq/pDFkTl95/AxzD1naBctN7YO68riM/gLSDY7sdrMby8hofADYuuqOA==",
      "funding": [
        {
          "type": "github",
          "url": "https://github.com/sponsors/feross"
        },
        {
          "type": "patreon",
          "url": "https://www.patreon.com/feross"
        },
        {
          "type": "consulting",
          "url": "https://feross.org/support"
        }
      ],
      "license": "MIT",
      "dependencies": {
        "base64-js": "^1.3.1",
        "ieee754": "^1.2.1"
      }
    },
    "node_modules/catering": {
      "version": "2.1.1",
      "resolved": "https://registry.npmjs.org/catering/-/catering-2.1.1.tgz",
      "integrity": "sha512-K7Qy8O9p76sL3/3m7/zLKbRkyOlSZAgzEaLhyj2mXS8PsCud2Eo4hAb8aLtZqHh0QGqLcb9dlJSu6lHRVENm1w==",
      "license": "MIT",
      "engines": {
        "node": ">=6"
      }
    },
    "node_modules/cluster-key-slot": {
      "version": "1.1.1",
      "resolved": "https://registry.npmjs.org/cluster-key-slot/-/cluster-key-slot-1.1.1.tgz",
      "integrity": "sha512-rwHwUfXL40Chm1r08yrhU3qpUvdVlgkKNeyeGPOxnW8/SyVDvgRaed/Uz54AqWNaTCAThlj6QAs3TZcKI0xDEw==",
      "license": "Apache-2.0",
      "engines": {
        "node": ">=0.10.0"
      }
    },
    "node_modules/debug": {
      "version": "4.4.3",
      "resolved": "https://registry.npmjs.org/debug/-/debug-4.4.3.tgz",
      "integrity": "sha512-RGwwWnwQvkVfavKVt22FGLw+xYSdzARwm0ru6DhTVA3umU5hZc28V3kO4stgYryrTlLpuvgI9GiijltAjNbcqA==",
      "license": "MIT",
      "dependencies": {
        "ms": "^2.1.3"
      },
      "engines": {
        "node": ">=6.0"
      },
      "peerDependenciesMeta": {
        "supports-color": {
          "optional": true
        }
      }
    },
    "node_modules/denque": {
      "version": "2.1.0",
      "resolved": "https://registry.npmjs.org/denque/-/denque-2.1.0.tgz",
      "integrity": "sha512-HVQE3AAb/pxF8fQAoiqpvg9i3evqug3hoiwakOyZAwJm+6vZehbkYXZ0l4JxS+I3QxM97v5aaRNhj8v5oBhekw==",
      "license": "Apache-2.0",
      "engines": {
        "node": ">=0.10"
      }
    },
    "node_modules/ieee754": {
      "version": "1.2.1",
      "resolved": "https://registry.npmjs.org/ieee754/-/ieee754-1.2.1.tgz",
      "integrity": "sha512-dcyqhDvX1C46lXZcVqCpK+FtMRQVdIMN6/Df5js2zouUsqG7I6sFxitIC+7KYK29KdXOLHdu9zL4sFnoVQnqaA==",
      "funding": [
        {
          "type": "github",
          "url": "https://github.com/sponsors/feross"
        },
        {
          "type": "patreon",
          "url": "https://www.patreon.com/feross"
        },
        {
          "type": "consulting",
          "url": "https://feross.org/support"
        }
      ],
      "license": "BSD-3-Clause"
    },
    "node_modules/ioredis": {
      "version": "5.11.1",
      "resolved": "https://registry.npmjs.org/ioredis/-/ioredis-5.11.1.tgz",
      "integrity": "sha512-ehuGcf94bQXhfagULNXrJdfnWO38v070jxSx/qE87Kjzmu2fU7ro5EFAb+OPituLqgfyuQaym5DlrNydW2sJ9A==",
      "license": "MIT",
      "dependencies": {
        "@ioredis/commands": "1.10.0",
        "cluster-key-slot": "1.1.1",
        "debug": "4.4.3",
        "denque": "2.1.0",
        "redis-errors": "1.2.0",
        "redis-parser": "3.0.0",
        "standard-as-callback": "2.1.0"
      },
      "engines": {
        "node": ">=12.22.0"
      },
      "funding": {
        "type": "opencollective",
        "url": "https://opencollective.com/ioredis"
      }
    },
    "node_modules/is-buffer": {
      "version": "2.0.5",
      "resolved": "https://registry.npmjs.org/is-buffer/-/is-buffer-2.0.5.tgz",
      "integrity": "sha512-i2R6zNFDwgEHJyQUtJEk0XFi1i0dPFn/oqjK3/vPCcDeJvW5NQ83V8QbicfF1SupOaB0h8ntgBC2YiE7dfyctQ==",
      "funding": [
        {
          "type": "github",
          "url": "https://github.com/sponsors/feross"
        },
        {
          "type": "patreon",
          "url": "https://www.patreon.com/feross"
        },
        {
          "type": "consulting",
          "url": "https://feross.org/support"
        }
      ],
      "license": "MIT",
      "engines": {
        "node": ">=4"
      }
    },
    "node_modules/level-concat-iterator": {
      "version": "3.1.0",
      "resolved": "https://registry.npmjs.org/level-concat-iterator/-/level-concat-iterator-3.1.0.tgz",
      "integrity": "sha512-BWRCMHBxbIqPxJ8vHOvKUsaO0v1sLYZtjN3K2iZJsRBYtp+ONsY6Jfi6hy9K3+zolgQRryhIn2NRZjZnWJ9NmQ==",
      "deprecated": "Superseded by abstract-level (https://github.com/Level/community#faq)",
      "license": "MIT",
      "dependencies": {
        "catering": "^2.1.0"
      },
      "engines": {
        "node": ">=10"
      }
    },
    "node_modules/level-supports": {
      "version": "2.1.0",
      "resolved": "https://registry.npmjs.org/level-supports/-/level-supports-2.1.0.tgz",
      "integrity": "sha512-E486g1NCjW5cF78KGPrMDRBYzPuueMZ6VBXHT6gC7A8UYWGiM14fGgp+s/L1oFfDWSPV/+SFkYCmZ0SiESkRKA==",
      "license": "MIT",
      "engines": {
        "node": ">=10"
      }
    },
    "node_modules/ms": {
      "version": "2.1.3",
      "resolved": "https://registry.npmjs.org/ms/-/ms-2.1.3.tgz",
      "integrity": "sha512-6FlzubTLZG3J2a/NVCAleEhjzq5oxgHyaCU9yYXvcLsvoVaHJq/s5xXI6/XXP6tz7R9xAOtHnSO/tXtF3WRTlA==",
      "license": "MIT"
    },
    "node_modules/napi-macros": {
      "version": "2.2.2",
      "resolved": "https://registry.npmjs.org/napi-macros/-/napi-macros-2.2.2.tgz",
      "integrity": "sha512-hmEVtAGYzVQpCKdbQea4skABsdXW4RUh5t5mJ2zzqowJS2OyXZTU1KhDVFhx+NlWZ4ap9mqR9TcDO3LTTttd+g==",
      "license": "MIT"
    },
    "node_modules/node-gyp-build": {
      "version": "4.8.4",
      "resolved": "https://registry.npmjs.org/node-gyp-build/-/node-gyp-build-4.8.4.tgz",
      "integrity": "sha512-LA4ZjwlnUblHVgq0oBF3Jl/6h/Nvs5fzBLwdEF4nuxnFdsfajde4WfxtJr3CaiH+F6ewcIB/q4jQ4UzPyid+CQ==",
      "license": "MIT",
      "bin": {
        "node-gyp-build": "bin.js",
        "node-gyp-build-optional": "optional.js",
        "node-gyp-build-test": "build-test.js"
      }
    },
    "node_modules/queue-microtask": {
      "version": "1.2.3",
      "resolved": "https://registry.npmjs.org/queue-microtask/-/queue-microtask-1.2.3.tgz",
      "integrity": "sha512-NuaNSa6flKT5JaSYQzJok04JzTL1CA6aGhv5rfLW3PgqA+M2ChpZQnAC8h8i4ZFkBS8X5RqkDBHA7r4hej3K9A==",
      "funding": [
        {
          "type": "github",
          "url": "https://github.com/sponsors/feross"
        },
        {
          "type": "patreon",
          "url": "https://www.patreon.com/feross"
        },
        {
          "type": "consulting",
          "url": "https://feross.org/support"
        }
      ],
      "license": "MIT"
    },
    "node_modules/redis-errors": {
      "version": "1.2.0",
      "resolved": "https://registry.npmjs.org/redis-errors/-/redis-errors-1.2.0.tgz",
      "integrity": "sha512-1qny3OExCf0UvUV/5wpYKf2YwPcOqXzkwKKSmKHiE6ZMQs5heeE/c8eXK+PNllPvmjgAbfnsbpkGZWy8cBpn9w==",
      "license": "MIT",
      "engines": {
        "node": ">=4"
      }
    },
    "node_modules/redis-parser": {
      "version": "3.0.0",
      "resolved": "https://registry.npmjs.org/redis-parser/-/redis-parser-3.0.0.tgz",
      "integrity": "sha512-DJnGAeenTdpMEH6uAJRK/uiyEIH9WVsUmoLwzudwGJUwZPp80PDBWPHXSAGNPwNvIXAbe7MSUB1zQFugFml66A==",
      "license": "MIT",
      "dependencies": {
        "redis-errors": "^1.0.0"
      },
      "engines": {
        "node": ">=4"
      }
    },
    "node_modules/rocksdb": {
      "version": "5.2.1",
      "resolved": "https://registry.npmjs.org/rocksdb/-/rocksdb-5.2.1.tgz",
      "integrity": "sha512-SN9RRLfqDEGfZ6MgfjpQ4DIn3+TdN5ECKYHgeuPKFy6Yw0I9hYyE46giLidngjZU47JXUmWXJDZuU1CyEcf4Fw==",
      "deprecated": "Discontinued (https://github.com/Level/community#faq)",
      "hasInstallScript": true,
      "license": "MIT",
      "dependencies": {
        "abstract-leveldown": "^7.2.0",
        "napi-macros": "^2.0.0",
        "node-gyp-build": "^4.3.0"
      },
      "engines": {
        "node": ">=10.12.0"
      }
    },
    "node_modules/rsbuild-plugin-dts": {
      "version": "0.23.2",
      "resolved": "https://registry.npmjs.org/rsbuild-plugin-dts/-/rsbuild-plugin-dts-0.23.2.tgz",
      "integrity": "sha512-Ve8WOSPyTBjxH40O/6fChJtflL7yqcUtt5zbF0eHDM4hIt35jqLocRlSdCxFJdQm0blTjl6+hkmPa/vNI06ArA==",
      "dev": true,
      "license": "MIT",
      "dependencies": {
        "@ast-grep/napi": "0.37.0"
      },
      "engines": {
        "node": "^20.19.0 || >=22.12.0"
      },
      "peerDependencies": {
        "@microsoft/api-extractor": "^7",
        "@rsbuild/core": "^1.0.0 || ^2.0.0-0",
        "@typescript/native-preview": "^7.0.0-0",
        "typescript": "^5 || ^6 || ^7.0.1-0"
      },
      "peerDependenciesMeta": {
        "@microsoft/api-extractor": {
          "optional": true
        },
        "@typescript/native-preview": {
          "optional": true
        },
        "typescript": {
          "optional": true
        }
      }
    },
    "node_modules/standard-as-callback": {
      "version": "2.1.0",
      "resolved": "https://registry.npmjs.org/standard-as-callback/-/standard-as-callback-2.1.0.tgz",
      "integrity": "sha512-qoRRSyROncaz1z0mvYqIE4lCd9p2R90i6GxW3uZv5ucSu8tU7B5HXUP1gG8pVZsYNVaXjk8ClXHPttLyxAL48A==",
      "license": "MIT"
    },
    "node_modules/tslib": {
      "version": "2.8.1",
      "resolved": "https://registry.npmjs.org/tslib/-/tslib-2.8.1.tgz",
      "integrity": "sha512-oJFu94HQb+KVduSUQL7wnpmqnfmLsOA/nAh6b6EH0wCEoK0/mPeXU6c3wKDV83MkOuHPRHtSXKKU99IBazS/2w==",
      "dev": true,
      "license": "0BSD"
    },
    "node_modules/typescript": {
      "version": "6.0.3",
      "resolved": "https://registry.npmjs.org/typescript/-/typescript-6.0.3.tgz",
      "integrity": "sha512-y2TvuxSZPDyQakkFRPZHKFm+KKVqIisdg9/CZwm9ftvKXLP8NRWj38/ODjNbr43SsoXqNuAisEf1GdCxqWcdBw==",
      "dev": true,
      "license": "Apache-2.0",
      "bin": {
        "tsc": "bin/tsc",
        "tsserver": "bin/tsserver"
      },
      "engines": {
        "node": ">=14.17"
      }
    },
    "node_modules/undici-types": {
      "version": "7.18.2",
      "resolved": "https://registry.npmjs.org/undici-types/-/undici-types-7.18.2.tgz",
      "integrity": "sha512-AsuCzffGHJybSaRrmr5eHr81mwJU3kjw6M+uprWvCXiNeN9SOGwQ3Jn8jb8m3Z6izVgknn1R0FTCEAP2QrLY/w==",
      "dev": true,
      "license": "MIT"
    }
  }
}
